
Microsoft Visual Studio Solution File, Format Version 12.00
# Visual Studio Version 17
VisualStudioVersion = 17.5.002.0
MinimumVisualStudioVersion = 10.0.40219.1
Project("{9A19103F-16F7-4668-BE54-9A1E7A4F7556}") = "Salario", "Salario\Salario.csproj", "{1D6E6E33-D548-4FDA-9C31-6B9D580ACAAD}"
EndProject
Global
	GlobalSection(SolutionConfigurationPlatforms) = preSolution
		Debug|Any CPU = Debug|Any CPU
		Release|Any CPU = Release|Any CPU
	EndGlobalSection
	GlobalSection(ProjectConfigurationPlatforms) = postSolution
		{1D6E6E33-D548-4FDA-9C31-6B9D580ACAAD}.Debug|Any CPU.ActiveCfg = Debug|Any CPU
		{1D6E6E33-D548-4FDA-9C31-6B9D580ACAAD}.Debug|Any CPU.Build.0 = Debug|Any CPU
		{1D6E6E33-D548-4FDA-9C31-6B9D580ACAAD}.Release|Any CPU.ActiveCfg = Release|Any CPU
		{1D6E6E33-D548-4FDA-9C31-6B9D580ACAAD}.Release|Any CPU.Build.0 = Release|Any CPU
	EndGlobalSection
	GlobalSection(SolutionProperties) = preSolution
		HideSolutionNode = FALSE
	EndGlobalSection
	GlobalSection(ExtensibilityGlobals) = postSolution
		SolutionGuid = {217D313A-2B8A-4787-AA02-D9CA9B86218D}
	EndGlobalSection
EndGlobal
